Microsoft Visual Studio Solution File, Format Version 12.00
# Visual Studio Version 17
VisualStudioVersion = 17.0.32014.148
MinimumVisualStudioVersion = 10.0.40219.1
Project("{2150E333-8FDC-42A3-9474-1A3956D46DE8}") = "System", "System", "{D494C3BD-C224-4F0B-9F80-E557C5004D34}"
EndProject
Project("{2150E333-8FDC-42A3-9474-1A3956D46DE8}") = "Core", "Core", "{E69B1E1F-8643-47FD-A195-69CD912E3550}"
EndProject
Project("{2150E333-8FDC-42A3-9474-1A3956D46DE8}") = "Repository", "Repository", "{3FE56C6E-7BA5-43FE-8F63-EDCCE0E9320B}"
EndProject
Project("{9A19103F-16F7-4668-BE54-9A1E7A4F7556}") = "Allors.Repository", "System\Repository\Allors.Repository\Allors.Repository.csproj", "{1ABE8E67-974F-4F03-A342-FFF0326A5B33}"
EndProject
Project("{9A19103F-16F7-4668-BE54-9A1E7A4F7556}") = "Generate", "System\Repository\Generate\Generate.csproj", "{426E293B-83D5-4D88-9CBF-E8A7F8C598B3}"
EndProject
Project("{2150E333-8FDC-42A3-9474-1A3956D46DE8}") = "Database", "Database", "{583954BC-1E23-4E62-B539-131CF3FBC96E}"
EndProject
Project("{9A19103F-16F7-4668-BE54-9A1E7A4F7556}") = "Generate", "Core\Database\Generate\Generate.csproj", "{BAFA46B3-EADB-4A05-AF24-0D47062B90B6}"
EndProject
Project("{9A19103F-16F7-4668-BE54-9A1E7A4F7556}") = "Commands", "Core\Database\Commands\Commands.csproj", "{7C0EC881-13F5-4E3D-A662-3055FBA8CE06}"
EndProject
Project("{9A19103F-16F7-4668-BE54-9A1E7A4F7556}") = "Domain", "Core\Database\Domain\Domain.csproj", "{FF7427D3-439C-4617-B17B-26A0EE625471}"
EndProject
Project("{9A19103F-16F7-4668-BE54-9A1E7A4F7556}") = "Domain.Tests", "Core\Database\Domain.Tests\Domain.Tests.csproj", "{02ECB869-4721-4019-817B-74CF3D3C6482}"
EndProject
Project("{9A19103F-16F7-4668-BE54-9A1E7A4F7556}") = "Merge", "Core\Database\Merge\Merge.csproj", "{6581CE59-6105-4672-ABD0-55E653672571}"
EndProject
Project("{9A19103F-16F7-4668-BE54-9A1E7A4F7556}") = "Meta", "Core\Database\Meta\Meta.csproj", "{8C3C2A18-BB66-4CFD-9468-FC34BE7B790B}"
EndProject
Project("{9A19103F-16F7-4668-BE54-9A1E7A4F7556}") = "Resources", "Core\Database\Resources\Resources.csproj", "{15CCBE65-02A9-4D34-812A-A3C8DE54F6D7}"
EndProject
Project("{9A19103F-16F7-4668-BE54-9A1E7A4F7556}") = "Server", "Core\Database\Server\Server.csproj", "{C8D4E18C-9EE0-4F18-A37B-E18B2834357D}"
EndProject
Project("{2150E333-8FDC-42A3-9474-1A3956D46DE8}") = "Repository", "Repository", "{794822B4-6156-4038-AAEE-D20C67D58A7A}"
EndProject
Project("{9A19103F-16F7-4668-BE54-9A1E7A4F7556}") = "Repository", "Core\Repository\Repository.csproj", "{583634CE-2977-4238-AA90-164E9BDD4198}"
EndProject
Project("{2150E333-8FDC-42A3-9474-1A3956D46DE8}") = "Workspace", "Workspace", "{38DA0455-9724-498A-83EF-B4285EB00AD1}"
EndProject
Project("{9A19103F-16F7-4668-BE54-9A1E7A4F7556}") = "Workspace.Meta", "Core\Workspace\Meta\Workspace.Meta.csproj", "{EC4AF4C3-EC56-491A-A5B3-2D54938D32B1}"
EndProject
Project("{2150E333-8FDC-42A3-9474-1A3956D46DE8}") = "Database", "Database", "{9C68988B-09AE-4C63-A5AB-4EE71649283D}"
EndProject
Project("{9A19103F-16F7-4668-BE54-9A1E7A4F7556}") = "Allors.Database", "System\Database\Allors.Database\Allors.Database.csproj", "{E3A3553B-2050-499A-8E33-DB6C93C579E4}"
EndProject
Project("{2150E333-8FDC-42A3-9474-1A3956D46DE8}") = "Adapters", "Adapters", "{6F829382-0804-4D82-8679-C69B14230287}"
EndProject
Project("{9A19103F-16F7-4668-BE54-9A1E7A4F7556}") = "Allors.Database.Adapters.Memory", "System\Database\Adapters\Allors.Database.Adapters.Memory\Allors.Database.Adapters.Memory.csproj", "{2E51588E-5B68-4567-89BC-D5BF23477533}"
EndProject
Project("{9A19103F-16F7-4668-BE54-9A1E7A4F7556}") = "Domain", "System\Database\Adapters\Domain\Domain.csproj", "{FBD5B903-8399-4B35-8817-9C0B38934A42}"
EndProject
Project("{9A19103F-16F7-4668-BE54-9A1E7A4F7556}") = "Generate", "System\Database\Adapters\Generate\Generate.csproj", "{A721433D-B667-4623-A451-51360D6EC048}"
EndProject
Project("{9A19103F-16F7-4668-BE54-9A1E7A4F7556}") = "Meta", "System\Database\Adapters\Meta\Meta.csproj", "{BBC3A24E-4F61-4631-8D9E-D915970691A1}"
EndProject
Project("{9A19103F-16F7-4668-BE54-9A1E7A4F7556}") = "Tests.Dynamic", "System\Database\Adapters\Tests.Dynamic\Tests.Dynamic.csproj", "{149AF93E-214A-4D26-B389-99B75CDC4DE2}"
EndProject
Project("{9A19103F-16F7-4668-BE54-9A1E7A4F7556}") = "Tests.Static", "System\Database\Adapters\Tests.Static\Tests.Static.csproj", "{55604D78-2DEB-4678-9AA4-BDCB902E9B80}"
EndProject
Project("{9A19103F-16F7-4668-BE54-9A1E7A4F7556}") = "Allors.Database.Adapters", "System\Database\Adapters\Allors.Database.Adapters\Allors.Database.Adapters.csproj", "{9E50BB4A-A211-4300-8EC6-B7921F5B3C3C}"
EndProject
Project("{9A19103F-16F7-4668-BE54-9A1E7A4F7556}") = "Repository", "System\Database\Adapters\Repository\Repository.csproj", "{0498A7AD-313C-45DC-A425-DAF74B5F5294}"
EndProject
Project("{9A19103F-16F7-4668-BE54-9A1E7A4F7556}") = "Configuration", "Core\Database\Configuration\Configuration.csproj", "{393556A3-4BC4-4EA4-BEC5-1CA367560F9A}"
EndProject
Project("{9A19103F-16F7-4668-BE54-9A1E7A4F7556}") = "Server.Local.Tests", "Core\Database\Server.Local.Tests\Server.Local.Tests.csproj", "{D18739E6-291A-4238-92DD-3DFB210E3601}"
EndProject
Project("{9A19103F-16F7-4668-BE54-9A1E7A4F7556}") = "Server.Remote.Tests", "Core\Database\Server.Remote.Tests\Server.Remote.Tests.csproj", "{BEEAAEC6-16AC-4F5D-A9F8-463739223F40}"
EndProject
Project("{2150E333-8FDC-42A3-9474-1A3956D46DE8}") = "Workspace", "Workspace", "{F0CFA0DB-205F-4914-8D96-33D1D500A0CC}"
EndProject
Project("{2150E333-8FDC-42A3-9474-1A3956D46DE8}") = "Protocol", "Protocol", "{B1490308-D849-4F0A-B5AC-5FCB271EE949}"
EndProject
Project("{9A19103F-16F7-4668-BE54-9A1E7A4F7556}") = "Allors.Protocol.Json", "System\Protocol\Allors.Protocol.Json\Allors.Protocol.Json.csproj", "{38817927-B042-4924-8368-97C0906CC2E7}"
EndProject
Project("{9A19103F-16F7-4668-BE54-9A1E7A4F7556}") = "Allors.Database.Workspace.Json", "System\Database\Allors.Database.Workspace.Json\Allors.Database.Workspace.Json.csproj", "{3B8A6385-01FE-4E68-A81B-D1B70BDB13DB}"
EndProject
Project("{9A19103F-16F7-4668-BE54-9A1E7A4F7556}") = "Workspace.Domain", "Core\Workspace\Domain\Workspace.Domain.csproj", "{FDD12819-0C38-4BC9-BFDB-99BA433C59B4}"
EndProject
Project("{9A19103F-16F7-4668-BE54-9A1E7A4F7556}") = "Meta.Tests", "Core\Database\Meta.Tests\Meta.Tests.csproj", "{94D0FC5A-E2B9-4691-8009-40A8E57A207E}"
EndProject
Project("{9A19103F-16F7-4668-BE54-9A1E7A4F7556}") = "Configuration.Tests", "Core\Database\Configuration.Tests\Configuration.Tests.csproj", "{19342380-03E4-4996-922D-A2D74CB4E8EE}"
EndProject
Project("{9A19103F-16F7-4668-BE54-9A1E7A4F7556}") = "Allors.Workspace.Protocol.Direct", "System\Workspace\Protocol\Allors.Workspace.Protocol.Direct\Allors.Workspace.Protocol.Direct.csproj", "{8758F34C-8D4E-49A9-BDD8-3B9DC09A0FC0}"
EndProject
Project("{9A19103F-16F7-4668-BE54-9A1E7A4F7556}") = "Allors.Workspace.Protocol.Json", "System\Workspace\Protocol\Allors.Workspace.Protocol.Json\Allors.Workspace.Protocol.Json.csproj", "{051EE395-E40D-40B9-A8F8-598C0AEC86D0}"
EndProject
Project("{9A19103F-16F7-4668-BE54-9A1E7A4F7556}") = "Allors.Shared", "System\Shared\Allors.Shared.csproj", "{C84609B7-C042-4296-9D7C-CD971D0222C3}"
EndProject
Project("{9A19103F-16F7-4668-BE54-9A1E7A4F7556}") = "Allors.Shared.Tests", "System\Shared.Tests\Allors.Shared.Tests.csproj", "{E7D466E3-5915-4489-B1EC-A03200E1967A}"
EndProject
Project("{9A19103F-16F7-4668-BE54-9A1E7A4F7556}") = "Allors.Database.Adapters.Sql", "System\Database\Adapters\Allors.Database.Adapters.Sql\Allors.Database.Adapters.Sql.csproj", "{250FB5D8-A9CF-4528-9A9D-53BB803AAB45}"
EndProject
Project("{9A19103F-16F7-4668-BE54-9A1E7A4F7556}") = "Allors.Database.Adapters.Sql.Npgsql", "System\Database\Adapters\Allors.Database.Adapters.Sql.Npgsql\Allors.Database.Adapters.Sql.Npgsql.csproj", "{ACB9C906-8E04-4480-A198-7FE83008E9B5}"
EndProject
Project("{9A19103F-16F7-4668-BE54-9A1E7A4F7556}") = "Allors.Database.Adapters.Sql.SqlClient", "System\Database\Adapters\Allors.Database.Adapters.Sql.SqlClient\Allors.Database.Adapters.Sql.SqlClient.csproj", "{2848F034-C0E1-4934-AD2C-982A23BB940C}"
EndProject
Project("{2150E333-8FDC-42A3-9474-1A3956D46DE8}") = "Clients", "Clients", "{49B4B74D-15DE-4F38-8BFF-9F29068C895B}"
EndProject
Project("{9A19103F-16F7-4668-BE54-9A1E7A4F7556}") = "Allors.Workspace.Client.Common", "System\Workspace\Clients\Allors.Workspace.Client.Common\Allors.Workspace.Client.Common.csproj", "{7B5A738C-88CB-4AFC-93FD-9B34316661C2}"
EndProject
Project("{9A19103F-16F7-4668-BE54-9A1E7A4F7556}") = "Allors.Workspace.Client.Direct", "System\Workspace\Clients\Allors.Workspace.Client.Direct\Allors.Workspace.Client.Direct.csproj", "{EE8D0979-3202-4EDD-A02E-B9D187110AA0}"
EndProject
Project("{9A19103F-16F7-4668-BE54-9A1E7A4F7556}") = "Allors.Workspace.Client.Json", "System\Workspace\Clients\Allors.Workspace.Client.Json\Allors.Workspace.Client.Json.csproj", "{7CE64CC4-F2B2-43EC-98D4-9166AF07E3F5}"
EndProject
Project("{9A19103F-16F7-4668-BE54-9A1E7A4F7556}") = "Allors.Workspace.Client.Json.Newtonsoft.WebClient", "System\Workspace\Clients\Allors.Workspace.Client.Json.Newtonsoft.WebClient\Allors.Workspace.Client.Json.Newtonsoft.WebClient.csproj", "{3B55B7BD-79D1-4292-8919-485E39F3E16B}"
EndProject
Project("{9A19103F-16F7-4668-BE54-9A1E7A4F7556}") = "Allors.Protocol.Json.Newtonsoft", "System\Protocol\Allors.Protocol.Json.Newtonsoft\Allors.Protocol.Json.Newtonsoft.csproj", "{D1681254-792A-453E-BA73-DDF4BF4A2175}"
EndProject
Project("{9A19103F-16F7-4668-BE54-9A1E7A4F7556}") = "Allors.Protocol.Json.SystemText", "System\Protocol\Allors.Protocol.Json.SystemText\Allors.Protocol.Json.SystemText.csproj", "{0AD34687-9B75-4086-B0CC-3DBFC5B4FEE6}"
EndProject
Project("{9A19103F-16F7-4668-BE54-9A1E7A4F7556}") = "Allors.Workspace.Client.Json.SystemText", "System\Workspace\Clients\Allors.Workspace.Client.Json.SystemText\Allors.Workspace.Client.Json.SystemText.csproj", "{500BADB0-E5B5-4C4B-A814-AEAC0C638DFB}"
EndProject
Project("{9A19103F-16F7-4668-BE54-9A1E7A4F7556}") = "Allors.Workspace.Meta", "System\Workspace\Allors.Workspace.Meta\Allors.Workspace.Meta.csproj", "{3FD43D90-578E-4E37-AB32-32854DB7B184}"
EndProject
Project("{9A19103F-16F7-4668-BE54-9A1E7A4F7556}") = "Allors.Database.Builder", "System\Database\Adapters\Allors.Database.Builder\Allors.Database.Builder.csproj", "{BBC67A1E-15B4-44C5-8F9A-EF1FCA8E646B}"
EndProject
Project("{9A19103F-16F7-4668-BE54-9A1E7A4F7556}") = "Allors.Database.Meta", "System\Database\Allors.Database.Meta\Allors.Database.Meta.csproj", "{5E08595C-5937-46C1-B50C-F0827C7548ED}"
EndProject
Project("{9A19103F-16F7-4668-BE54-9A1E7A4F7556}") = "Allors.Database.Workspace", "System\Database\Allors.Database.Workspace\Allors.Database.Workspace.csproj", "{FC7300E2-7C54-4602-A258-AA69AD6496E9}"
EndProject
Project("{9A19103F-16F7-4668-BE54-9A1E7A4F7556}") = "Attributes", "System\Repository\Attributes\Attributes.csproj", "{A921FD06-EF02-456B-8E01-4537C58C2F3A}"
EndProject
Project("{9A19103F-16F7-4668-BE54-9A1E7A4F7556}") = "Allors.Database.Adapters.Tracing", "System\Database\Adapters\Allors.Database.Adapters.Tracing\Allors.Database.Adapters.Tracing.csproj", "{FDE4EC20-25CB-40F7-9373-03556452B7F7}"
EndProject
Project("{2150E333-8FDC-42A3-9474-1A3956D46DE8}") = "Protocol", "Protocol", "{D8985575-4B4A-4BFA-9677-E7BABD17B5D1}"
EndProject
Project("{9A19103F-16F7-4668-BE54-9A1E7A4F7556}") = "Allors.Repository.Generation", "System\Repository\Allors.Repository.Generation\Allors.Repository.Generation.csproj", "{D93E92C6-26BE-462D-BF20-C562B100F67A}"
EndProject
Project("{9A19103F-16F7-4668-BE54-9A1E7A4F7556}") = "Allors.Repository.Roslyn", "System\Repository\Allors.Repository.Roslyn\Allors.Repository.Roslyn.csproj", "{0A38A0E8-5523-4921-9002-1D90E9954847}"
EndProject
Project("{9A19103F-16F7-4668-BE54-9A1E7A4F7556}") = "Allors.Repository.Model", "System\Repository\Allors.Repository.Model\Allors.Repository.Model.csproj", "{3E1EB159-18A7-49C8-AECA-AC0E79A8C359}"
EndProject
Project("{2150E333-8FDC-42A3-9474-1A3956D46DE8}") = "Solution Items", "Solution Items", "{758E80C3-8DF5-40D5-8199-377A498B4C5E}"
	ProjectSection(SolutionItems) = preProject
		.editorconfig = .editorconfig
	EndProjectSection
EndProject
Project("{9A19103F-16F7-4668-BE54-9A1E7A4F7556}") = "Allors.Repository.Model.Tests", "System\Repository\Allors.Repository.Model.Tests\Allors.Repository.Model.Tests.csproj", "{876F97FF-B9A9-42C2-A607-DBF42C3D3067}"
EndProject
Project("{9A19103F-16F7-4668-BE54-9A1E7A4F7556}") = "Meta.Configuration", "System\Database\Adapters\Meta.Configuration\Meta.Configuration.csproj", "{55F9A009-51E2-4569-814C-F4D4CFCAD9BE}"
EndProject
Project("{9A19103F-16F7-4668-BE54-9A1E7A4F7556}") = "Meta.Configuration", "Core\Database\Meta.Configuration\Meta.Configuration.csproj", "{A9A59492-8AF8-4D6F-A902-37A572A82A49}"
EndProject
Project("{9A19103F-16F7-4668-BE54-9A1E7A4F7556}") = "Allors.Workspace.Client", "System\Workspace\Allors.Workspace.Client\Allors.Workspace.Client.csproj", "{7C64FE5F-1C3B-420D-8ADA-8AFB3B9E350B}"
EndProject
Project("{9A19103F-16F7-4668-BE54-9A1E7A4F7556}") = "Allors.Workspace.Meta.Static", "System\Workspace\Allors.Workspace.Meta.Static\Allors.Workspace.Meta.Static.csproj", "{1D82D836-D2ED-49E6-80EE-B96BC2E5A9D3}"
EndProject
Project("{9A19103F-16F7-4668-BE54-9A1E7A4F7556}") = "Workspace.Meta.Static", "Core\Workspace\Meta.Static\Workspace.Meta.Static.csproj", "{40387EEA-46B1-41A0-AB53-C862CB294349}"
EndProject
Project("{9A19103F-16F7-4668-BE54-9A1E7A4F7556}") = "Workspace.Meta.Static.Tests", "Core\Workspace\Meta.Static.Tests\Workspace.Meta.Static.Tests.csproj", "{9A87C04C-4A92-435F-A28C-DE46E927F42C}"
EndProject
Project("{2150E333-8FDC-42A3-9474-1A3956D46DE8}") = "Clients", "Clients", "{22A97BC4-35C0-4204-B7AA-0D3488C075E9}"
EndProject
Project("{9A19103F-16F7-4668-BE54-9A1E7A4F7556}") = "Workspace.Client.Direct.Tests", "Core\Workspace\Clients\Client.Direct.Tests\Workspace.Client.Direct.Tests.csproj", "{70F1CF5F-3E5D-45F2-BEDB-46BD086F976A}"
EndProject
Project("{9A19103F-16F7-4668-BE54-9A1E7A4F7556}") = "Workspace.Client.Json.Newtonsoft.WebClient.Tests", "Core\Workspace\Clients\Client.Json.Newtonsoft.WebClient.Tests\Workspace.Client.Json.Newtonsoft.WebClient.Tests.csproj", "{D63AB6FC-4D8F-4A90-A3C2-5416A32CCB69}"
EndProject
Project("{9A19103F-16F7-4668-BE54-9A1E7A4F7556}") = "Workspace.Client.Json.SystemText.HttpClient.Tests", "Core\Workspace\Clients\Client.Json.SystemText.HttpClient.Tests\Workspace.Client.Json.SystemText.HttpClient.Tests.csproj", "{1D8495F5-036F-4976-9CEF-E78D6AD581B9}"
EndProject
Project("{9A19103F-16F7-4668-BE54-9A1E7A4F7556}") = "Workspace.Client.Tests", "Core\Workspace\Clients\Client.Tests\Workspace.Client.Tests.csproj", "{F45BD327-815E-43BE-9B68-D900BAE64811}"
EndProject
Global
	GlobalSection(SolutionConfigurationPlatforms) = preSolution
		Debug|Any CPU = Debug|Any CPU
		Release|Any CPU = Release|Any CPU
	EndGlobalSection
	GlobalSection(ProjectConfigurationPlatforms) = postSolution
		{1ABE8E67-974F-4F03-A342-FFF0326A5B33}.Debug|Any CPU.ActiveCfg = Debug|Any CPU
		{1ABE8E67-974F-4F03-A342-FFF0326A5B33}.Debug|Any CPU.Build.0 = Debug|Any CPU
		{1ABE8E67-974F-4F03-A342-FFF0326A5B33}.Release|Any CPU.ActiveCfg = Release|Any CPU
		{1ABE8E67-974F-4F03-A342-FFF0326A5B33}.Release|Any CPU.Build.0 = Release|Any CPU
		{426E293B-83D5-4D88-9CBF-E8A7F8C598B3}.Debug|Any CPU.ActiveCfg = Debug|Any CPU
		{426E293B-83D5-4D88-9CBF-E8A7F8C598B3}.Debug|Any CPU.Build.0 = Debug|Any CPU
		{426E293B-83D5-4D88-9CBF-E8A7F8C598B3}.Release|Any CPU.ActiveCfg = Release|Any CPU
		{426E293B-83D5-4D88-9CBF-E8A7F8C598B3}.Release|Any CPU.Build.0 = Release|Any CPU
		{BAFA46B3-EADB-4A05-AF24-0D47062B90B6}.Debug|Any CPU.ActiveCfg = Debug|Any CPU
		{BAFA46B3-EADB-4A05-AF24-0D47062B90B6}.Debug|Any CPU.Build.0 = Debug|Any CPU
		{BAFA46B3-EADB-4A05-AF24-0D47062B90B6}.Release|Any CPU.ActiveCfg = Release|Any CPU
		{BAFA46B3-EADB-4A05-AF24-0D47062B90B6}.Release|Any CPU.Build.0 = Release|Any CPU
		{7C0EC881-13F5-4E3D-A662-3055FBA8CE06}.Debug|Any CPU.ActiveCfg = Debug|Any CPU
		{7C0EC881-13F5-4E3D-A662-3055FBA8CE06}.Debug|Any CPU.Build.0 = Debug|Any CPU
		{7C0EC881-13F5-4E3D-A662-3055FBA8CE06}.Release|Any CPU.ActiveCfg = Release|Any CPU
		{7C0EC881-13F5-4E3D-A662-3055FBA8CE06}.Release|Any CPU.Build.0 = Release|Any CPU
		{FF7427D3-439C-4617-B17B-26A0EE625471}.Debug|Any CPU.ActiveCfg = Debug|Any CPU
		{FF7427D3-439C-4617-B17B-26A0EE625471}.Debug|Any CPU.Build.0 = Debug|Any CPU
		{FF7427D3-439C-4617-B17B-26A0EE625471}.Release|Any CPU.ActiveCfg = Release|Any CPU
		{FF7427D3-439C-4617-B17B-26A0EE625471}.Release|Any CPU.Build.0 = Release|Any CPU
		{02ECB869-4721-4019-817B-74CF3D3C6482}.Debug|Any CPU.ActiveCfg = Debug|Any CPU
		{02ECB869-4721-4019-817B-74CF3D3C6482}.Debug|Any CPU.Build.0 = Debug|Any CPU
		{02ECB869-4721-4019-817B-74CF3D3C6482}.Release|Any CPU.ActiveCfg = Release|Any CPU
		{02ECB869-4721-4019-817B-74CF3D3C6482}.Release|Any CPU.Build.0 = Release|Any CPU
		{6581CE59-6105-4672-ABD0-55E653672571}.Debug|Any CPU.ActiveCfg = Debug|Any CPU
		{6581CE59-6105-4672-ABD0-55E653672571}.Debug|Any CPU.Build.0 = Debug|Any CPU
		{6581CE59-6105-4672-ABD0-55E653672571}.Release|Any CPU.ActiveCfg = Release|Any CPU
		{6581CE59-6105-4672-ABD0-55E653672571}.Release|Any CPU.Build.0 = Release|Any CPU
		{8C3C2A18-BB66-4CFD-9468-FC34BE7B790B}.Debug|Any CPU.ActiveCfg = Debug|Any CPU
		{8C3C2A18-BB66-4CFD-9468-FC34BE7B790B}.Debug|Any CPU.Build.0 = Debug|Any CPU
		{8C3C2A18-BB66-4CFD-9468-FC34BE7B790B}.Release|Any CPU.ActiveCfg = Release|Any CPU
		{8C3C2A18-BB66-4CFD-9468-FC34BE7B790B}.Release|Any CPU.Build.0 = Release|Any CPU
		{15CCBE65-02A9-4D34-812A-A3C8DE54F6D7}.Debug|Any CPU.ActiveCfg = Debug|Any CPU
		{15CCBE65-02A9-4D34-812A-A3C8DE54F6D7}.Debug|Any CPU.Build.0 = Debug|Any CPU
		{15CCBE65-02A9-4D34-812A-A3C8DE54F6D7}.Release|Any CPU.ActiveCfg = Release|Any CPU
		{15CCBE65-02A9-4D34-812A-A3C8DE54F6D7}.Release|Any CPU.Build.0 = Release|Any CPU
		{C8D4E18C-9EE0-4F18-A37B-E18B2834357D}.Debug|Any CPU.ActiveCfg = Debug|Any CPU
		{C8D4E18C-9EE0-4F18-A37B-E18B2834357D}.Debug|Any CPU.Build.0 = Debug|Any CPU
		{C8D4E18C-9EE0-4F18-A37B-E18B2834357D}.Release|Any CPU.ActiveCfg = Release|Any CPU
		{C8D4E18C-9EE0-4F18-A37B-E18B2834357D}.Release|Any CPU.Build.0 = Release|Any CPU
		{583634CE-2977-4238-AA90-164E9BDD4198}.Debug|Any CPU.ActiveCfg = Debug|Any CPU
		{583634CE-2977-4238-AA90-164E9BDD4198}.Debug|Any CPU.Build.0 = Debug|Any CPU
		{583634CE-2977-4238-AA90-164E9BDD4198}.Release|Any CPU.ActiveCfg = Release|Any CPU
		{583634CE-2977-4238-AA90-164E9BDD4198}.Release|Any CPU.Build.0 = Release|Any CPU
		{EC4AF4C3-EC56-491A-A5B3-2D54938D32B1}.Debug|Any CPU.ActiveCfg = Debug|Any CPU
		{EC4AF4C3-EC56-491A-A5B3-2D54938D32B1}.Debug|Any CPU.Build.0 = Debug|Any CPU
		{EC4AF4C3-EC56-491A-A5B3-2D54938D32B1}.Release|Any CPU.ActiveCfg = Release|Any CPU
		{EC4AF4C3-EC56-491A-A5B3-2D54938D32B1}.Release|Any CPU.Build.0 = Release|Any CPU
		{E3A3553B-2050-499A-8E33-DB6C93C579E4}.Debug|Any CPU.ActiveCfg = Debug|Any CPU
		{E3A3553B-2050-499A-8E33-DB6C93C579E4}.Debug|Any CPU.Build.0 = Debug|Any CPU
		{E3A3553B-2050-499A-8E33-DB6C93C579E4}.Release|Any CPU.ActiveCfg = Release|Any CPU
		{E3A3553B-2050-499A-8E33-DB6C93C579E4}.Release|Any CPU.Build.0 = Release|Any CPU
		{2E51588E-5B68-4567-89BC-D5BF23477533}.Debug|Any CPU.ActiveCfg = Debug|Any CPU
		{2E51588E-5B68-4567-89BC-D5BF23477533}.Debug|Any CPU.Build.0 = Debug|Any CPU
		{2E51588E-5B68-4567-89BC-D5BF23477533}.Release|Any CPU.ActiveCfg = Release|Any CPU
		{2E51588E-5B68-4567-89BC-D5BF23477533}.Release|Any CPU.Build.0 = Release|Any CPU
		{FBD5B903-8399-4B35-8817-9C0B38934A42}.Debug|Any CPU.ActiveCfg = Debug|Any CPU
		{FBD5B903-8399-4B35-8817-9C0B38934A42}.Debug|Any CPU.Build.0 = Debug|Any CPU
		{FBD5B903-8399-4B35-8817-9C0B38934A42}.Release|Any CPU.ActiveCfg = Release|Any CPU
		{FBD5B903-8399-4B35-8817-9C0B38934A42}.Release|Any CPU.Build.0 = Release|Any CPU
		{A721433D-B667-4623-A451-51360D6EC048}.Debug|Any CPU.ActiveCfg = Debug|Any CPU
		{A721433D-B667-4623-A451-51360D6EC048}.Debug|Any CPU.Build.0 = Debug|Any CPU
		{A721433D-B667-4623-A451-51360D6EC048}.Release|Any CPU.ActiveCfg = Release|Any CPU
		{A721433D-B667-4623-A451-51360D6EC048}.Release|Any CPU.Build.0 = Release|Any CPU
		{BBC3A24E-4F61-4631-8D9E-D915970691A1}.Debug|Any CPU.ActiveCfg = Debug|Any CPU
		{BBC3A24E-4F61-4631-8D9E-D915970691A1}.Debug|Any CPU.Build.0 = Debug|Any CPU
		{BBC3A24E-4F61-4631-8D9E-D915970691A1}.Release|Any CPU.ActiveCfg = Release|Any CPU
		{BBC3A24E-4F61-4631-8D9E-D915970691A1}.Release|Any CPU.Build.0 = Release|Any CPU
		{149AF93E-214A-4D26-B389-99B75CDC4DE2}.Debug|Any CPU.ActiveCfg = Debug|Any CPU
		{149AF93E-214A-4D26-B389-99B75CDC4DE2}.Debug|Any CPU.Build.0 = Debug|Any CPU
		{149AF93E-214A-4D26-B389-99B75CDC4DE2}.Release|Any CPU.ActiveCfg = Release|Any CPU
		{149AF93E-214A-4D26-B389-99B75CDC4DE2}.Release|Any CPU.Build.0 = Release|Any CPU
		{55604D78-2DEB-4678-9AA4-BDCB902E9B80}.Debug|Any CPU.ActiveCfg = Debug|Any CPU
		{55604D78-2DEB-4678-9AA4-BDCB902E9B80}.Debug|Any CPU.Build.0 = Debug|Any CPU
		{55604D78-2DEB-4678-9AA4-BDCB902E9B80}.Release|Any CPU.ActiveCfg = Release|Any CPU
		{55604D78-2DEB-4678-9AA4-BDCB902E9B80}.Release|Any CPU.Build.0 = Release|Any CPU
		{9E50BB4A-A211-4300-8EC6-B7921F5B3C3C}.Debug|Any CPU.ActiveCfg = Debug|Any CPU
		{9E50BB4A-A211-4300-8EC6-B7921F5B3C3C}.Debug|Any CPU.Build.0 = Debug|Any CPU
		{9E50BB4A-A211-4300-8EC6-B7921F5B3C3C}.Release|Any CPU.ActiveCfg = Release|Any CPU
		{9E50BB4A-A211-4300-8EC6-B7921F5B3C3C}.Release|Any CPU.Build.0 = Release|Any CPU
		{0498A7AD-313C-45DC-A425-DAF74B5F5294}.Debug|Any CPU.ActiveCfg = Debug|Any CPU
		{0498A7AD-313C-45DC-A425-DAF74B5F5294}.Debug|Any CPU.Build.0 = Debug|Any CPU
		{0498A7AD-313C-45DC-A425-DAF74B5F5294}.Release|Any CPU.ActiveCfg = Release|Any CPU
		{0498A7AD-313C-45DC-A425-DAF74B5F5294}.Release|Any CPU.Build.0 = Release|Any CPU
		{393556A3-4BC4-4EA4-BEC5-1CA367560F9A}.Debug|Any CPU.ActiveCfg = Debug|Any CPU
		{393556A3-4BC4-4EA4-BEC5-1CA367560F9A}.Debug|Any CPU.Build.0 = Debug|Any CPU
		{393556A3-4BC4-4EA4-BEC5-1CA367560F9A}.Release|Any CPU.ActiveCfg = Release|Any CPU
		{393556A3-4BC4-4EA4-BEC5-1CA367560F9A}.Release|Any CPU.Build.0 = Release|Any CPU
		{D18739E6-291A-4238-92DD-3DFB210E3601}.Debug|Any CPU.ActiveCfg = Debug|Any CPU
		{D18739E6-291A-4238-92DD-3DFB210E3601}.Debug|Any CPU.Build.0 = Debug|Any CPU
		{D18739E6-291A-4238-92DD-3DFB210E3601}.Release|Any CPU.ActiveCfg = Release|Any CPU
		{D18739E6-291A-4238-92DD-3DFB210E3601}.Release|Any CPU.Build.0 = Release|Any CPU
		{BEEAAEC6-16AC-4F5D-A9F8-463739223F40}.Debug|Any CPU.ActiveCfg = Debug|Any CPU
		{BEEAAEC6-16AC-4F5D-A9F8-463739223F40}.Debug|Any CPU.Build.0 = Debug|Any CPU
		{BEEAAEC6-16AC-4F5D-A9F8-463739223F40}.Release|Any CPU.ActiveCfg = Release|Any CPU
		{BEEAAEC6-16AC-4F5D-A9F8-463739223F40}.Release|Any CPU.Build.0 = Release|Any CPU
		{38817927-B042-4924-8368-97C0906CC2E7}.Debug|Any CPU.ActiveCfg = Debug|Any CPU
		{38817927-B042-4924-8368-97C0906CC2E7}.Debug|Any CPU.Build.0 = Debug|Any CPU
		{38817927-B042-4924-8368-97C0906CC2E7}.Release|Any CPU.ActiveCfg = Release|Any CPU
		{38817927-B042-4924-8368-97C0906CC2E7}.Release|Any CPU.Build.0 = Release|Any CPU
		{3B8A6385-01FE-4E68-A81B-D1B70BDB13DB}.Debug|Any CPU.ActiveCfg = Debug|Any CPU
		{3B8A6385-01FE-4E68-A81B-D1B70BDB13DB}.Debug|Any CPU.Build.0 = Debug|Any CPU
		{3B8A6385-01FE-4E68-A81B-D1B70BDB13DB}.Release|Any CPU.ActiveCfg = Release|Any CPU
		{3B8A6385-01FE-4E68-A81B-D1B70BDB13DB}.Release|Any CPU.Build.0 = Release|Any CPU
		{FDD12819-0C38-4BC9-BFDB-99BA433C59B4}.Debug|Any CPU.ActiveCfg = Debug|Any CPU
		{FDD12819-0C38-4BC9-BFDB-99BA433C59B4}.Debug|Any CPU.Build.0 = Debug|Any CPU
		{FDD12819-0C38-4BC9-BFDB-99BA433C59B4}.Release|Any CPU.ActiveCfg = Release|Any CPU
		{FDD12819-0C38-4BC9-BFDB-99BA433C59B4}.Release|Any CPU.Build.0 = Release|Any CPU
		{94D0FC5A-E2B9-4691-8009-40A8E57A207E}.Debug|Any CPU.ActiveCfg = Debug|Any CPU
		{94D0FC5A-E2B9-4691-8009-40A8E57A207E}.Debug|Any CPU.Build.0 = Debug|Any CPU
		{94D0FC5A-E2B9-4691-8009-40A8E57A207E}.Release|Any CPU.ActiveCfg = Release|Any CPU
		{94D0FC5A-E2B9-4691-8009-40A8E57A207E}.Release|Any CPU.Build.0 = Release|Any CPU
		{19342380-03E4-4996-922D-A2D74CB4E8EE}.Debug|Any CPU.ActiveCfg = Debug|Any CPU
		{19342380-03E4-4996-922D-A2D74CB4E8EE}.Debug|Any CPU.Build.0 = Debug|Any CPU
		{19342380-03E4-4996-922D-A2D74CB4E8EE}.Release|Any CPU.ActiveCfg = Release|Any CPU
		{19342380-03E4-4996-922D-A2D74CB4E8EE}.Release|Any CPU.Build.0 = Release|Any CPU
		{8758F34C-8D4E-49A9-BDD8-3B9DC09A0FC0}.Debug|Any CPU.ActiveCfg = Debug|Any CPU
		{8758F34C-8D4E-49A9-BDD8-3B9DC09A0FC0}.Debug|Any CPU.Build.0 = Debug|Any CPU
		{8758F34C-8D4E-49A9-BDD8-3B9DC09A0FC0}.Release|Any CPU.ActiveCfg = Release|Any CPU
		{8758F34C-8D4E-49A9-BDD8-3B9DC09A0FC0}.Release|Any CPU.Build.0 = Release|Any CPU
		{051EE395-E40D-40B9-A8F8-598C0AEC86D0}.Debug|Any CPU.ActiveCfg = Debug|Any CPU
		{051EE395-E40D-40B9-A8F8-598C0AEC86D0}.Debug|Any CPU.Build.0 = Debug|Any CPU
		{051EE395-E40D-40B9-A8F8-598C0AEC86D0}.Release|Any CPU.ActiveCfg = Release|Any CPU
		{051EE395-E40D-40B9-A8F8-598C0AEC86D0}.Release|Any CPU.Build.0 = Release|Any CPU
		{C84609B7-C042-4296-9D7C-CD971D0222C3}.Debug|Any CPU.ActiveCfg = Debug|Any CPU
		{C84609B7-C042-4296-9D7C-CD971D0222C3}.Debug|Any CPU.Build.0 = Debug|Any CPU
		{C84609B7-C042-4296-9D7C-CD971D0222C3}.Release|Any CPU.ActiveCfg = Release|Any CPU
		{C84609B7-C042-4296-9D7C-CD971D0222C3}.Release|Any CPU.Build.0 = Release|Any CPU
		{E7D466E3-5915-4489-B1EC-A03200E1967A}.Debug|Any CPU.ActiveCfg = Debug|Any CPU
		{E7D466E3-5915-4489-B1EC-A03200E1967A}.Debug|Any CPU.Build.0 = Debug|Any CPU
		{E7D466E3-5915-4489-B1EC-A03200E1967A}.Release|Any CPU.ActiveCfg = Release|Any CPU
		{E7D466E3-5915-4489-B1EC-A03200E1967A}.Release|Any CPU.Build.0 = Release|Any CPU
		{250FB5D8-A9CF-4528-9A9D-53BB803AAB45}.Debug|Any CPU.ActiveCfg = Debug|Any CPU
		{250FB5D8-A9CF-4528-9A9D-53BB803AAB45}.Debug|Any CPU.Build.0 = Debug|Any CPU
		{250FB5D8-A9CF-4528-9A9D-53BB803AAB45}.Release|Any CPU.ActiveCfg = Release|Any CPU
		{250FB5D8-A9CF-4528-9A9D-53BB803AAB45}.Release|Any CPU.Build.0 = Release|Any CPU
		{ACB9C906-8E04-4480-A198-7FE83008E9B5}.Debug|Any CPU.ActiveCfg = Debug|Any CPU
		{ACB9C906-8E04-4480-A198-7FE83008E9B5}.Debug|Any CPU.Build.0 = Debug|Any CPU
		{ACB9C906-8E04-4480-A198-7FE83008E9B5}.Release|Any CPU.ActiveCfg = Release|Any CPU
		{ACB9C906-8E04-4480-A198-7FE83008E9B5}.Release|Any CPU.Build.0 = Release|Any CPU
		{2848F034-C0E1-4934-AD2C-982A23BB940C}.Debug|Any CPU.ActiveCfg = Debug|Any CPU
		{2848F034-C0E1-4934-AD2C-982A23BB940C}.Debug|Any CPU.Build.0 = Debug|Any CPU
		{2848F034-C0E1-4934-AD2C-982A23BB940C}.Release|Any CPU.ActiveCfg = Release|Any CPU
		{2848F034-C0E1-4934-AD2C-982A23BB940C}.Release|Any CPU.Build.0 = Release|Any CPU
		{7B5A738C-88CB-4AFC-93FD-9B34316661C2}.Debug|Any CPU.ActiveCfg = Debug|Any CPU
		{7B5A738C-88CB-4AFC-93FD-9B34316661C2}.Debug|Any CPU.Build.0 = Debug|Any CPU
		{7B5A738C-88CB-4AFC-93FD-9B34316661C2}.Release|Any CPU.ActiveCfg = Release|Any CPU
		{7B5A738C-88CB-4AFC-93FD-9B34316661C2}.Release|Any CPU.Build.0 = Release|Any CPU
		{EE8D0979-3202-4EDD-A02E-B9D187110AA0}.Debug|Any CPU.ActiveCfg = Debug|Any CPU
		{EE8D0979-3202-4EDD-A02E-B9D187110AA0}.Debug|Any CPU.Build.0 = Debug|Any CPU
		{EE8D0979-3202-4EDD-A02E-B9D187110AA0}.Release|Any CPU.ActiveCfg = Release|Any CPU
		{EE8D0979-3202-4EDD-A02E-B9D187110AA0}.Release|Any CPU.Build.0 = Release|Any CPU
		{7CE64CC4-F2B2-43EC-98D4-9166AF07E3F5}.Debug|Any CPU.ActiveCfg = Debug|Any CPU
		{7CE64CC4-F2B2-43EC-98D4-9166AF07E3F5}.Debug|Any CPU.Build.0 = Debug|Any CPU
		{7CE64CC4-F2B2-43EC-98D4-9166AF07E3F5}.Release|Any CPU.ActiveCfg = Release|Any CPU
		{7CE64CC4-F2B2-43EC-98D4-9166AF07E3F5}.Release|Any CPU.Build.0 = Release|Any CPU
		{3B55B7BD-79D1-4292-8919-485E39F3E16B}.Debug|Any CPU.ActiveCfg = Debug|Any CPU
		{3B55B7BD-79D1-4292-8919-485E39F3E16B}.Debug|Any CPU.Build.0 = Debug|Any CPU
		{3B55B7BD-79D1-4292-8919-485E39F3E16B}.Release|Any CPU.ActiveCfg = Release|Any CPU
		{3B55B7BD-79D1-4292-8919-485E39F3E16B}.Release|Any CPU.Build.0 = Release|Any CPU
		{D1681254-792A-453E-BA73-DDF4BF4A2175}.Debug|Any CPU.ActiveCfg = Debug|Any CPU
		{D1681254-792A-453E-BA73-DDF4BF4A2175}.Debug|Any CPU.Build.0 = Debug|Any CPU
		{D1681254-792A-453E-BA73-DDF4BF4A2175}.Release|Any CPU.ActiveCfg = Release|Any CPU
		{D1681254-792A-453E-BA73-DDF4BF4A2175}.Release|Any CPU.Build.0 = Release|Any CPU
		{0AD34687-9B75-4086-B0CC-3DBFC5B4FEE6}.Debug|Any CPU.ActiveCfg = Debug|Any CPU
		{0AD34687-9B75-4086-B0CC-3DBFC5B4FEE6}.Debug|Any CPU.Build.0 = Debug|Any CPU
		{0AD34687-9B75-4086-B0CC-3DBFC5B4FEE6}.Release|Any CPU.ActiveCfg = Release|Any CPU
		{0AD34687-9B75-4086-B0CC-3DBFC5B4FEE6}.Release|Any CPU.Build.0 = Release|Any CPU
		{500BADB0-E5B5-4C4B-A814-AEAC0C638DFB}.Debug|Any CPU.ActiveCfg = Debug|Any CPU
		{500BADB0-E5B5-4C4B-A814-AEAC0C638DFB}.Debug|Any CPU.Build.0 = Debug|Any CPU
		{500BADB0-E5B5-4C4B-A814-AEAC0C638DFB}.Release|Any CPU.ActiveCfg = Release|Any CPU
		{500BADB0-E5B5-4C4B-A814-AEAC0C638DFB}.Release|Any CPU.Build.0 = Release|Any CPU
		{3FD43D90-578E-4E37-AB32-32854DB7B184}.Debug|Any CPU.ActiveCfg = Debug|Any CPU
		{3FD43D90-578E-4E37-AB32-32854DB7B184}.Debug|Any CPU.Build.0 = Debug|Any CPU
		{3FD43D90-578E-4E37-AB32-32854DB7B184}.Release|Any CPU.ActiveCfg = Release|Any CPU
		{3FD43D90-578E-4E37-AB32-32854DB7B184}.Release|Any CPU.Build.0 = Release|Any CPU
		{BBC67A1E-15B4-44C5-8F9A-EF1FCA8E646B}.Debug|Any CPU.ActiveCfg = Debug|Any CPU
		{BBC67A1E-15B4-44C5-8F9A-EF1FCA8E646B}.Debug|Any CPU.Build.0 = Debug|Any CPU
		{BBC67A1E-15B4-44C5-8F9A-EF1FCA8E646B}.Release|Any CPU.ActiveCfg = Release|Any CPU
		{BBC67A1E-15B4-44C5-8F9A-EF1FCA8E646B}.Release|Any CPU.Build.0 = Release|Any CPU
		{5E08595C-5937-46C1-B50C-F0827C7548ED}.Debug|Any CPU.ActiveCfg = Debug|Any CPU
		{5E08595C-5937-46C1-B50C-F0827C7548ED}.Debug|Any CPU.Build.0 = Debug|Any CPU
		{5E08595C-5937-46C1-B50C-F0827C7548ED}.Release|Any CPU.ActiveCfg = Release|Any CPU
		{5E08595C-5937-46C1-B50C-F0827C7548ED}.Release|Any CPU.Build.0 = Release|Any CPU
		{FC7300E2-7C54-4602-A258-AA69AD6496E9}.Debug|Any CPU.ActiveCfg = Debug|Any CPU
		{FC7300E2-7C54-4602-A258-AA69AD6496E9}.Debug|Any CPU.Build.0 = Debug|Any CPU
		{FC7300E2-7C54-4602-A258-AA69AD6496E9}.Release|Any CPU.ActiveCfg = Release|Any CPU
		{FC7300E2-7C54-4602-A258-AA69AD6496E9}.Release|Any CPU.Build.0 = Release|Any CPU
		{A921FD06-EF02-456B-8E01-4537C58C2F3A}.Debug|Any CPU.ActiveCfg = Debug|Any CPU
		{A921FD06-EF02-456B-8E01-4537C58C2F3A}.Debug|Any CPU.Build.0 = Debug|Any CPU
		{A921FD06-EF02-456B-8E01-4537C58C2F3A}.Release|Any CPU.ActiveCfg = Release|Any CPU
		{A921FD06-EF02-456B-8E01-4537C58C2F3A}.Release|Any CPU.Build.0 = Release|Any CPU
		{FDE4EC20-25CB-40F7-9373-03556452B7F7}.Debug|Any CPU.ActiveCfg = Debug|Any CPU
		{FDE4EC20-25CB-40F7-9373-03556452B7F7}.Debug|Any CPU.Build.0 = Debug|Any CPU
		{FDE4EC20-25CB-40F7-9373-03556452B7F7}.Release|Any CPU.ActiveCfg = Release|Any CPU
		{FDE4EC20-25CB-40F7-9373-03556452B7F7}.Release|Any CPU.Build.0 = Release|Any CPU
		{D93E92C6-26BE-462D-BF20-C562B100F67A}.Debug|Any CPU.ActiveCfg = Debug|Any CPU
		{D93E92C6-26BE-462D-BF20-C562B100F67A}.Debug|Any CPU.Build.0 = Debug|Any CPU
		{D93E92C6-26BE-462D-BF20-C562B100F67A}.Release|Any CPU.ActiveCfg = Release|Any CPU
		{D93E92C6-26BE-462D-BF20-C562B100F67A}.Release|Any CPU.Build.0 = Release|Any CPU
		{0A38A0E8-5523-4921-9002-1D90E9954847}.Debug|Any CPU.ActiveCfg = Debug|Any CPU
		{0A38A0E8-5523-4921-9002-1D90E9954847}.Debug|Any CPU.Build.0 = Debug|Any CPU
		{0A38A0E8-5523-4921-9002-1D90E9954847}.Release|Any CPU.ActiveCfg = Release|Any CPU
		{0A38A0E8-5523-4921-9002-1D90E9954847}.Release|Any CPU.Build.0 = Release|Any CPU
		{3E1EB159-18A7-49C8-AECA-AC0E79A8C359}.Debug|Any CPU.ActiveCfg = Debug|Any CPU
		{3E1EB159-18A7-49C8-AECA-AC0E79A8C359}.Debug|Any CPU.Build.0 = Debug|Any CPU
		{3E1EB159-18A7-49C8-AECA-AC0E79A8C359}.Release|Any CPU.ActiveCfg = Release|Any CPU
		{3E1EB159-18A7-49C8-AECA-AC0E79A8C359}.Release|Any CPU.Build.0 = Release|Any CPU
		{876F97FF-B9A9-42C2-A607-DBF42C3D3067}.Debug|Any CPU.ActiveCfg = Debug|Any CPU
		{876F97FF-B9A9-42C2-A607-DBF42C3D3067}.Debug|Any CPU.Build.0 = Debug|Any CPU
		{876F97FF-B9A9-42C2-A607-DBF42C3D3067}.Release|Any CPU.ActiveCfg = Release|Any CPU
		{876F97FF-B9A9-42C2-A607-DBF42C3D3067}.Release|Any CPU.Build.0 = Release|Any CPU
		{55F9A009-51E2-4569-814C-F4D4CFCAD9BE}.Debug|Any CPU.ActiveCfg = Debug|Any CPU
		{55F9A009-51E2-4569-814C-F4D4CFCAD9BE}.Debug|Any CPU.Build.0 = Debug|Any CPU
		{55F9A009-51E2-4569-814C-F4D4CFCAD9BE}.Release|Any CPU.ActiveCfg = Release|Any CPU
		{55F9A009-51E2-4569-814C-F4D4CFCAD9BE}.Release|Any CPU.Build.0 = Release|Any CPU
		{A9A59492-8AF8-4D6F-A902-37A572A82A49}.Debug|Any CPU.ActiveCfg = Debug|Any CPU
		{A9A59492-8AF8-4D6F-A902-37A572A82A49}.Debug|Any CPU.Build.0 = Debug|Any CPU
		{A9A59492-8AF8-4D6F-A902-37A572A82A49}.Release|Any CPU.ActiveCfg = Release|Any CPU
		{A9A59492-8AF8-4D6F-A902-37A572A82A49}.Release|Any CPU.Build.0 = Release|Any CPU
		{7C64FE5F-1C3B-420D-8ADA-8AFB3B9E350B}.Debug|Any CPU.ActiveCfg = Debug|Any CPU
		{7C64FE5F-1C3B-420D-8ADA-8AFB3B9E350B}.Debug|Any CPU.Build.0 = Debug|Any CPU
		{7C64FE5F-1C3B-420D-8ADA-8AFB3B9E350B}.Release|Any CPU.ActiveCfg = Release|Any CPU
		{7C64FE5F-1C3B-420D-8ADA-8AFB3B9E350B}.Release|Any CPU.Build.0 = Release|Any CPU
		{1D82D836-D2ED-49E6-80EE-B96BC2E5A9D3}.Debug|Any CPU.ActiveCfg = Debug|Any CPU
		{1D82D836-D2ED-49E6-80EE-B96BC2E5A9D3}.Debug|Any CPU.Build.0 = Debug|Any CPU
		{1D82D836-D2ED-49E6-80EE-B96BC2E5A9D3}.Release|Any CPU.ActiveCfg = Release|Any CPU
		{1D82D836-D2ED-49E6-80EE-B96BC2E5A9D3}.Release|Any CPU.Build.0 = Release|Any CPU
		{40387EEA-46B1-41A0-AB53-C862CB294349}.Debug|Any CPU.ActiveCfg = Debug|Any CPU
		{40387EEA-46B1-41A0-AB53-C862CB294349}.Debug|Any CPU.Build.0 = Debug|Any CPU
		{40387EEA-46B1-41A0-AB53-C862CB294349}.Release|Any CPU.ActiveCfg = Release|Any CPU
		{40387EEA-46B1-41A0-AB53-C862CB294349}.Release|Any CPU.Build.0 = Release|Any CPU
		{9A87C04C-4A92-435F-A28C-DE46E927F42C}.Debug|Any CPU.ActiveCfg = Debug|Any CPU
		{9A87C04C-4A92-435F-A28C-DE46E927F42C}.Debug|Any CPU.Build.0 = Debug|Any CPU
		{9A87C04C-4A92-435F-A28C-DE46E927F42C}.Release|Any CPU.ActiveCfg = Release|Any CPU
		{9A87C04C-4A92-435F-A28C-DE46E927F42C}.Release|Any CPU.Build.0 = Release|Any CPU
		{70F1CF5F-3E5D-45F2-BEDB-46BD086F976A}.Debug|Any CPU.ActiveCfg = Debug|Any CPU
		{70F1CF5F-3E5D-45F2-BEDB-46BD086F976A}.Debug|Any CPU.Build.0 = Debug|Any CPU
		{70F1CF5F-3E5D-45F2-BEDB-46BD086F976A}.Release|Any CPU.ActiveCfg = Release|Any CPU
		{70F1CF5F-3E5D-45F2-BEDB-46BD086F976A}.Release|Any CPU.Build.0 = Release|Any CPU
		{D63AB6FC-4D8F-4A90-A3C2-5416A32CCB69}.Debug|Any CPU.ActiveCfg = Debug|Any CPU
		{D63AB6FC-4D8F-4A90-A3C2-5416A32CCB69}.Debug|Any CPU.Build.0 = Debug|Any CPU
		{D63AB6FC-4D8F-4A90-A3C2-5416A32CCB69}.Release|Any CPU.ActiveCfg = Release|Any CPU
		{D63AB6FC-4D8F-4A90-A3C2-5416A32CCB69}.Release|Any CPU.Build.0 = Release|Any CPU
		{1D8495F5-036F-4976-9CEF-E78D6AD581B9}.Debug|Any CPU.ActiveCfg = Debug|Any CPU
		{1D8495F5-036F-4976-9CEF-E78D6AD581B9}.Debug|Any CPU.Build.0 = Debug|Any CPU
		{1D8495F5-036F-4976-9CEF-E78D6AD581B9}.Release|Any CPU.ActiveCfg = Release|Any CPU
		{1D8495F5-036F-4976-9CEF-E78D6AD581B9}.Release|Any CPU.Build.0 = Release|Any CPU
		{F45BD327-815E-43BE-9B68-D900BAE64811}.Debug|Any CPU.ActiveCfg = Debug|Any CPU
		{F45BD327-815E-43BE-9B68-D900BAE64811}.Debug|Any CPU.Build.0 = Debug|Any CPU
		{F45BD327-815E-43BE-9B68-D900BAE64811}.Release|Any CPU.ActiveCfg = Release|Any CPU
		{F45BD327-815E-43BE-9B68-D900BAE64811}.Release|Any CPU.Build.0 = Release|Any CPU
	EndGlobalSection
	GlobalSection(SolutionProperties) = preSolution
		HideSolutionNode = FALSE
	EndGlobalSection
	GlobalSection(NestedProjects) = preSolution
		{3FE56C6E-7BA5-43FE-8F63-EDCCE0E9320B} = {D494C3BD-C224-4F0B-9F80-E557C5004D34}
		{1ABE8E67-974F-4F03-A342-FFF0326A5B33} = {3FE56C6E-7BA5-43FE-8F63-EDCCE0E9320B}
		{426E293B-83D5-4D88-9CBF-E8A7F8C598B3} = {3FE56C6E-7BA5-43FE-8F63-EDCCE0E9320B}
		{583954BC-1E23-4E62-B539-131CF3FBC96E} = {E69B1E1F-8643-47FD-A195-69CD912E3550}
		{BAFA46B3-EADB-4A05-AF24-0D47062B90B6} = {583954BC-1E23-4E62-B539-131CF3FBC96E}
		{7C0EC881-13F5-4E3D-A662-3055FBA8CE06} = {583954BC-1E23-4E62-B539-131CF3FBC96E}
		{FF7427D3-439C-4617-B17B-26A0EE625471} = {583954BC-1E23-4E62-B539-131CF3FBC96E}
		{02ECB869-4721-4019-817B-74CF3D3C6482} = {583954BC-1E23-4E62-B539-131CF3FBC96E}
		{6581CE59-6105-4672-ABD0-55E653672571} = {583954BC-1E23-4E62-B539-131CF3FBC96E}
		{8C3C2A18-BB66-4CFD-9468-FC34BE7B790B} = {583954BC-1E23-4E62-B539-131CF3FBC96E}
		{15CCBE65-02A9-4D34-812A-A3C8DE54F6D7} = {583954BC-1E23-4E62-B539-131CF3FBC96E}
		{C8D4E18C-9EE0-4F18-A37B-E18B2834357D} = {583954BC-1E23-4E62-B539-131CF3FBC96E}
		{794822B4-6156-4038-AAEE-D20C67D58A7A} = {E69B1E1F-8643-47FD-A195-69CD912E3550}
		{583634CE-2977-4238-AA90-164E9BDD4198} = {794822B4-6156-4038-AAEE-D20C67D58A7A}
		{38DA0455-9724-498A-83EF-B4285EB00AD1} = {E69B1E1F-8643-47FD-A195-69CD912E3550}
		{EC4AF4C3-EC56-491A-A5B3-2D54938D32B1} = {38DA0455-9724-498A-83EF-B4285EB00AD1}
		{9C68988B-09AE-4C63-A5AB-4EE71649283D} = {D494C3BD-C224-4F0B-9F80-E557C5004D34}
		{E3A3553B-2050-499A-8E33-DB6C93C579E4} = {9C68988B-09AE-4C63-A5AB-4EE71649283D}
		{6F829382-0804-4D82-8679-C69B14230287} = {9C68988B-09AE-4C63-A5AB-4EE71649283D}
		{2E51588E-5B68-4567-89BC-D5BF23477533} = {6F829382-0804-4D82-8679-C69B14230287}
		{FBD5B903-8399-4B35-8817-9C0B38934A42} = {6F829382-0804-4D82-8679-C69B14230287}
		{A721433D-B667-4623-A451-51360D6EC048} = {6F829382-0804-4D82-8679-C69B14230287}
		{BBC3A24E-4F61-4631-8D9E-D915970691A1} = {6F829382-0804-4D82-8679-C69B14230287}
		{149AF93E-214A-4D26-B389-99B75CDC4DE2} = {6F829382-0804-4D82-8679-C69B14230287}
		{55604D78-2DEB-4678-9AA4-BDCB902E9B80} = {6F829382-0804-4D82-8679-C69B14230287}
		{9E50BB4A-A211-4300-8EC6-B7921F5B3C3C} = {6F829382-0804-4D82-8679-C69B14230287}
		{0498A7AD-313C-45DC-A425-DAF74B5F5294} = {6F829382-0804-4D82-8679-C69B14230287}
		{393556A3-4BC4-4EA4-BEC5-1CA367560F9A} = {583954BC-1E23-4E62-B539-131CF3FBC96E}
		{D18739E6-291A-4238-92DD-3DFB210E3601} = {583954BC-1E23-4E62-B539-131CF3FBC96E}
		{BEEAAEC6-16AC-4F5D-A9F8-463739223F40} = {583954BC-1E23-4E62-B539-131CF3FBC96E}
		{F0CFA0DB-205F-4914-8D96-33D1D500A0CC} = {D494C3BD-C224-4F0B-9F80-E557C5004D34}
		{B1490308-D849-4F0A-B5AC-5FCB271EE949} = {D494C3BD-C224-4F0B-9F80-E557C5004D34}
		{38817927-B042-4924-8368-97C0906CC2E7} = {B1490308-D849-4F0A-B5AC-5FCB271EE949}
		{3B8A6385-01FE-4E68-A81B-D1B70BDB13DB} = {9C68988B-09AE-4C63-A5AB-4EE71649283D}
		{FDD12819-0C38-4BC9-BFDB-99BA433C59B4} = {38DA0455-9724-498A-83EF-B4285EB00AD1}
		{94D0FC5A-E2B9-4691-8009-40A8E57A207E} = {583954BC-1E23-4E62-B539-131CF3FBC96E}
		{19342380-03E4-4996-922D-A2D74CB4E8EE} = {583954BC-1E23-4E62-B539-131CF3FBC96E}
		{8758F34C-8D4E-49A9-BDD8-3B9DC09A0FC0} = {D8985575-4B4A-4BFA-9677-E7BABD17B5D1}
		{051EE395-E40D-40B9-A8F8-598C0AEC86D0} = {D8985575-4B4A-4BFA-9677-E7BABD17B5D1}
		{C84609B7-C042-4296-9D7C-CD971D0222C3} = {D494C3BD-C224-4F0B-9F80-E557C5004D34}
		{E7D466E3-5915-4489-B1EC-A03200E1967A} = {D494C3BD-C224-4F0B-9F80-E557C5004D34}
		{250FB5D8-A9CF-4528-9A9D-53BB803AAB45} = {6F829382-0804-4D82-8679-C69B14230287}
		{ACB9C906-8E04-4480-A198-7FE83008E9B5} = {6F829382-0804-4D82-8679-C69B14230287}
		{2848F034-C0E1-4934-AD2C-982A23BB940C} = {6F829382-0804-4D82-8679-C69B14230287}
		{49B4B74D-15DE-4F38-8BFF-9F29068C895B} = {F0CFA0DB-205F-4914-8D96-33D1D500A0CC}
		{7B5A738C-88CB-4AFC-93FD-9B34316661C2} = {49B4B74D-15DE-4F38-8BFF-9F29068C895B}
		{EE8D0979-3202-4EDD-A02E-B9D187110AA0} = {49B4B74D-15DE-4F38-8BFF-9F29068C895B}
		{7CE64CC4-F2B2-43EC-98D4-9166AF07E3F5} = {49B4B74D-15DE-4F38-8BFF-9F29068C895B}
		{3B55B7BD-79D1-4292-8919-485E39F3E16B} = {49B4B74D-15DE-4F38-8BFF-9F29068C895B}
		{D1681254-792A-453E-BA73-DDF4BF4A2175} = {B1490308-D849-4F0A-B5AC-5FCB271EE949}
		{0AD34687-9B75-4086-B0CC-3DBFC5B4FEE6} = {B1490308-D849-4F0A-B5AC-5FCB271EE949}
		{500BADB0-E5B5-4C4B-A814-AEAC0C638DFB} = {49B4B74D-15DE-4F38-8BFF-9F29068C895B}
		{3FD43D90-578E-4E37-AB32-32854DB7B184} = {F0CFA0DB-205F-4914-8D96-33D1D500A0CC}
		{BBC67A1E-15B4-44C5-8F9A-EF1FCA8E646B} = {6F829382-0804-4D82-8679-C69B14230287}
		{5E08595C-5937-46C1-B50C-F0827C7548ED} = {9C68988B-09AE-4C63-A5AB-4EE71649283D}
		{FC7300E2-7C54-4602-A258-AA69AD6496E9} = {9C68988B-09AE-4C63-A5AB-4EE71649283D}
		{A921FD06-EF02-456B-8E01-4537C58C2F3A} = {3FE56C6E-7BA5-43FE-8F63-EDCCE0E9320B}
		{FDE4EC20-25CB-40F7-9373-03556452B7F7} = {6F829382-0804-4D82-8679-C69B14230287}
		{D8985575-4B4A-4BFA-9677-E7BABD17B5D1} = {F0CFA0DB-205F-4914-8D96-33D1D500A0CC}
		{D93E92C6-26BE-462D-BF20-C562B100F67A} = {3FE56C6E-7BA5-43FE-8F63-EDCCE0E9320B}
		{0A38A0E8-5523-4921-9002-1D90E9954847} = {3FE56C6E-7BA5-43FE-8F63-EDCCE0E9320B}
		{3E1EB159-18A7-49C8-AECA-AC0E79A8C359} = {3FE56C6E-7BA5-43FE-8F63-EDCCE0E9320B}
		{876F97FF-B9A9-42C2-A607-DBF42C3D3067} = {3FE56C6E-7BA5-43FE-8F63-EDCCE0E9320B}
		{55F9A009-51E2-4569-814C-F4D4CFCAD9BE} = {6F829382-0804-4D82-8679-C69B14230287}
		{A9A59492-8AF8-4D6F-A902-37A572A82A49} = {583954BC-1E23-4E62-B539-131CF3FBC96E}
		{7C64FE5F-1C3B-420D-8ADA-8AFB3B9E350B} = {F0CFA0DB-205F-4914-8D96-33D1D500A0CC}
		{1D82D836-D2ED-49E6-80EE-B96BC2E5A9D3} = {F0CFA0DB-205F-4914-8D96-33D1D500A0CC}
		{40387EEA-46B1-41A0-AB53-C862CB294349} = {38DA0455-9724-498A-83EF-B4285EB00AD1}
		{9A87C04C-4A92-435F-A28C-DE46E927F42C} = {38DA0455-9724-498A-83EF-B4285EB00AD1}
		{22A97BC4-35C0-4204-B7AA-0D3488C075E9} = {38DA0455-9724-498A-83EF-B4285EB00AD1}
		{70F1CF5F-3E5D-45F2-BEDB-46BD086F976A} = {22A97BC4-35C0-4204-B7AA-0D3488C075E9}
		{D63AB6FC-4D8F-4A90-A3C2-5416A32CCB69} = {22A97BC4-35C0-4204-B7AA-0D3488C075E9}
		{1D8495F5-036F-4976-9CEF-E78D6AD581B9} = {22A97BC4-35C0-4204-B7AA-0D3488C075E9}
		{F45BD327-815E-43BE-9B68-D900BAE64811} = {22A97BC4-35C0-4204-B7AA-0D3488C075E9}
	EndGlobalSection
	GlobalSection(ExtensibilityGlobals) = postSolution
		SolutionGuid = {00D78C3D-8536-4549-B1EE-C19BD0C50387}
	EndGlobalSection
EndGlobal
