
Microsoft Visual Studio Solution File, Format Version 12.00
# Visual Studio Version 17
VisualStudioVersion = 17.6.33815.320
MinimumVisualStudioVersion = 10.0.40219.1
Project("{9A19103F-16F7-4668-BE54-9A1E7A4F7556}") = "Allors.Embedded", "Allors.Embedded\Allors.Embedded.csproj", "{923AFBDA-1E5A-47FF-AE0D-C4DCFCA66590}"
EndProject
Project("{FAE04EC0-301F-11D3-BF4B-00C04F79EFBC}") = "Allors.Embedded.Tests", "Allors.Embedded.Tests\Allors.Embedded.Tests.csproj", "{E716287B-939A-488E-B4AD-AD8BFB9468DC}"
EndProject
Global
	GlobalSection(SolutionConfigurationPlatforms) = preSolution
		Debug|Any CPU = Debug|Any CPU
		Release|Any CPU = Release|Any CPU
	EndGlobalSection
	GlobalSection(ProjectConfigurationPlatforms) = postSolution
		{923AFBDA-1E5A-47FF-AE0D-C4DCFCA66590}.Debug|Any CPU.ActiveCfg = Debug|Any CPU
		{923AFBDA-1E5A-47FF-AE0D-C4DCFCA66590}.Debug|Any CPU.Build.0 = Debug|Any CPU
		{923AFBDA-1E5A-47FF-AE0D-C4DCFCA66590}.Release|Any CPU.ActiveCfg = Release|Any CPU
		{923AFBDA-1E5A-47FF-AE0D-C4DCFCA66590}.Release|Any CPU.Build.0 = Release|Any CPU
		{E716287B-939A-488E-B4AD-AD8BFB9468DC}.Debug|Any CPU.ActiveCfg = Debug|Any CPU
		{E716287B-939A-488E-B4AD-AD8BFB9468DC}.Debug|Any CPU.Build.0 = Debug|Any CPU
		{E716287B-939A-488E-B4AD-AD8BFB9468DC}.Release|Any CPU.ActiveCfg = Release|Any CPU
		{E716287B-939A-488E-B4AD-AD8BFB9468DC}.Release|Any CPU.Build.0 = Release|Any CPU
	EndGlobalSection
	GlobalSection(SolutionProperties) = preSolution
		HideSolutionNode = FALSE
	EndGlobalSection
	GlobalSection(ExtensibilityGlobals) = postSolution
		SolutionGuid = {0A37EF93-1182-46D8-97E3-F4A92D976843}
	EndGlobalSection
EndGlobal
